// !$*UTF8*$!
{
	archiveVersion = 1;
	classes = {
	};
	objectVersion = 50;
	objects = {

/* Begin PBXBuildFile section */
		38C1FA578B4DFF384743BB77 /* Pods_Draw.framework in Frameworks */ = {isa = PBXBuildFile; fileRef = 7D9E4CB43B82412AAF53BAA8 /* Pods_Draw.framework */; };
		8DFAAF5C20EC6E0B00F3ACD6 /* AppDelegate.swift in Sources */ = {isa = PBXBuildFile; fileRef = 8DFAAF5B20EC6E0B00F3ACD6 /* AppDelegate.swift */; };
		8DFAAF5E20EC6E0B00F3ACD6 /* DrawViewController.swift in Sources */ = {isa = PBXBuildFile; fileRef = 8DFAAF5D20EC6E0B00F3ACD6 /* DrawViewController.swift */; };
		8DFAAF6120EC6E0B00F3ACD6 /* Main.storyboard in Resources */ = {isa = PBXBuildFile; fileRef = 8DFAAF5F20EC6E0B00F3ACD6 /* Main.storyboard */; };
		8DFAAF6320EC6E0C00F3ACD6 /* Assets.xcassets in Resources */ = {isa = PBXBuildFile; fileRef = 8DFAAF6220EC6E0C00F3ACD6 /* Assets.xcassets */; };
		8DFAAF6620EC6E0C00F3ACD6 /* LaunchScreen.storyboard in Resources */ = {isa = PBXBuildFile; fileRef = 8DFAAF6420EC6E0C00F3ACD6 /* LaunchScreen.storyboard */; };
		8DFAAF7420EC72DA00F3ACD6 /* DrawPath.swift in Sources */ = {isa = PBXBuildFile; fileRef = 8DFAAF7320EC72DA00F3ACD6 /* DrawPath.swift */; };
		8DFAAF7820EC754000F3ACD6 /* CanvasView.swift in Sources */ = {isa = PBXBuildFile; fileRef = 8DFAAF7720EC754000F3ACD6 /* CanvasView.swift */; };
		8DFAAF7A20EC777B00F3ACD6 /* DrawPath+path.swift in Sources */ = {isa = PBXBuildFile; fileRef = 8DFAAF7920EC777B00F3ACD6 /* DrawPath+path.swift */; };
		8DFAAF7C20EC7D1800F3ACD6 /* DrawView.swift in Sources */ = {isa = PBXBuildFile; fileRef = 8DFAAF7B20EC7D1800F3ACD6 /* DrawView.swift */; };
		8DFAAF8020EC80ED00F3ACD6 /* DatabaseAcess.swift in Sources */ = {isa = PBXBuildFile; fileRef = 8DFAAF7F20EC80ED00F3ACD6 /* DatabaseAcess.swift */; };
		9125614120ED4E0A00FF0CF4 /* Room.swift in Sources */ = {isa = PBXBuildFile; fileRef = 9125614020ED4E0A00FF0CF4 /* Room.swift */; };
		9125614320ED4F6D00FF0CF4 /* RoomsViewController.swift in Sources */ = {isa = PBXBuildFile; fileRef = 9125614220ED4F6D00FF0CF4 /* RoomsViewController.swift */; };
		91CBD4F320ED3C0800693394 /* CloudConvertible.swift in Sources */ = {isa = PBXBuildFile; fileRef = 91CBD4F120ED3C0700693394 /* CloudConvertible.swift */; };
		91CBD4F420ED3C0800693394 /* DataManager.swift in Sources */ = {isa = PBXBuildFile; fileRef = 91CBD4F220ED3C0800693394 /* DataManager.swift */; };
		91CBD4F620ED450D00693394 /* GoogleService-Info.plist in Resources */ = {isa = PBXBuildFile; fileRef = 91CBD4F520ED450D00693394 /* GoogleService-Info.plist */; };
/* End PBXBuildFile section */

/* Begin PBXFileReference section */
		65A9403B02092FCCA7F3A1BB /* Pods-Draw.release.xcconfig */ = {isa = PBXFileReference; includeInIndex = 1; lastKnownFileType = text.xcconfig; name = "Pods-Draw.release.xcconfig"; path = "Pods/Target Support Files/Pods-Draw/Pods-Draw.release.xcconfig"; sourceTree = "<group>"; };
		7D9E4CB43B82412AAF53BAA8 /* Pods_Draw.framework */ = {isa = PBXFileReference; explicitFileType = wrapper.framework; includeInIndex = 0; path = Pods_Draw.framework; sourceTree = BUILT_PRODUCTS_DIR; };
		8DFAAF5820EC6E0B00F3ACD6 /* Draw.app */ = {isa = PBXFileReference; explicitFileType = wrapper.application; includeInIndex = 0; path = Draw.app; sourceTree = BUILT_PRODUCTS_DIR; };
		8DFAAF5B20EC6E0B00F3ACD6 /* AppDelegate.swift */ = {isa = PBXFileReference; lastKnownFileType = sourcecode.swift; path = AppDelegate.swift; sourceTree = "<group>"; };
		8DFAAF5D20EC6E0B00F3ACD6 /* DrawViewController.swift */ = {isa = PBXFileReference; lastKnownFileType = sourcecode.swift; path = DrawViewController.swift; sourceTree = "<group>"; };
		8DFAAF6020EC6E0B00F3ACD6 /* Base */ = {isa = PBXFileReference; lastKnownFileType = file.storyboard; name = Base; path = Base.lproj/Main.storyboard; sourceTree = "<group>"; };
		8DFAAF6220EC6E0C00F3ACD6 /* Assets.xcassets */ = {isa = PBXFileReference; lastKnownFileType = folder.assetcatalog; path = Assets.xcassets; sourceTree = "<group>"; };
		8DFAAF6520EC6E0C00F3ACD6 /* Base */ = {isa = PBXFileReference; lastKnownFileType = file.storyboard; name = Base; path = Base.lproj/LaunchScreen.storyboard; sourceTree = "<group>"; };
		8DFAAF6720EC6E0C00F3ACD6 /* Info.plist */ = {isa = PBXFileReference; lastKnownFileType = text.plist.xml; path = Info.plist; sourceTree = "<group>"; };
		8DFAAF7320EC72DA00F3ACD6 /* DrawPath.swift */ = {isa = PBXFileReference; lastKnownFileType = sourcecode.swift; path = DrawPath.swift; sourceTree = "<group>"; };
		8DFAAF7720EC754000F3ACD6 /* CanvasView.swift */ = {isa = PBXFileReference; lastKnownFileType = sourcecode.swift; path = CanvasView.swift; sourceTree = "<group>"; };
		8DFAAF7920EC777B00F3ACD6 /* DrawPath+path.swift */ = {isa = PBXFileReference; lastKnownFileType = sourcecode.swift; path = "DrawPath+path.swift"; sourceTree = "<group>"; };
		8DFAAF7B20EC7D1800F3ACD6 /* DrawView.swift */ = {isa = PBXFileReference; lastKnownFileType = sourcecode.swift; path = DrawView.swift; sourceTree = "<group>"; };
		8DFAAF7F20EC80ED00F3ACD6 /* DatabaseAcess.swift */ = {isa = PBXFileReference; lastKnownFileType = sourcecode.swift; path = DatabaseAcess.swift; sourceTree = "<group>"; };
		9125614020ED4E0A00FF0CF4 /* Room.swift */ = {isa = PBXFileReference; lastKnownFileType = sourcecode.swift; path = Room.swift; sourceTree = "<group>"; };
		9125614220ED4F6D00FF0CF4 /* RoomsViewController.swift */ = {isa = PBXFileReference; lastKnownFileType = sourcecode.swift; path = RoomsViewController.swift; sourceTree = "<group>"; };
		91CBD4F120ED3C0700693394 /* CloudConvertible.swift */ = {isa = PBXFileReference; fileEncoding = 4; lastKnownFileType = sourcecode.swift; path = CloudConvertible.swift; sourceTree = "<group>"; };
		91CBD4F220ED3C0800693394 /* DataManager.swift */ = {isa = PBXFileReference; fileEncoding = 4; lastKnownFileType = sourcecode.swift; path = DataManager.swift; sourceTree = "<group>"; };
		91CBD4F520ED450D00693394 /* GoogleService-Info.plist */ = {isa = PBXFileReference; fileEncoding = 4; lastKnownFileType = text.plist.xml; path = "GoogleService-Info.plist"; sourceTree = "<group>"; };
		FDD458CA9FE9DDAA2B4F29B7 /* Pods-Draw.debug.xcconfig */ = {isa = PBXFileReference; includeInIndex = 1; lastKnownFileType = text.xcconfig; name = "Pods-Draw.debug.xcconfig"; path = "Pods/Target Support Files/Pods-Draw/Pods-Draw.debug.xcconfig"; sourceTree = "<group>"; };
/* End PBXFileReference section */

/* Begin PBXFrameworksBuildPhase section */
		8DFAAF5520EC6E0A00F3ACD6 /* Frameworks */ = {
			isa = PBXFrameworksBuildPhase;
			buildActionMask = 2147483647;
			files = (
				38C1FA578B4DFF384743BB77 /* Pods_Draw.framework in Frameworks */,
			);
			runOnlyForDeploymentPostprocessing = 0;
		};
/* End PBXFrameworksBuildPhase section */

/* Begin PBXGroup section */
		3B25C9562B2947A2BD904230 /* Frameworks */ = {
			isa = PBXGroup;
			children = (
				7D9E4CB43B82412AAF53BAA8 /* Pods_Draw.framework */,
			);
			name = Frameworks;
			sourceTree = "<group>";
		};
		8DFAAF4F20EC6E0A00F3ACD6 = {
			isa = PBXGroup;
			children = (
				8DFAAF5A20EC6E0B00F3ACD6 /* Draw */,
				8DFAAF5920EC6E0B00F3ACD6 /* Products */,
				9AADCA1E60778377C13A355F /* Pods */,
				3B25C9562B2947A2BD904230 /* Frameworks */,
			);
			sourceTree = "<group>";
		};
		8DFAAF5920EC6E0B00F3ACD6 /* Products */ = {
			isa = PBXGroup;
			children = (
				8DFAAF5820EC6E0B00F3ACD6 /* Draw.app */,
			);
			name = Products;
			sourceTree = "<group>";
		};
		8DFAAF5A20EC6E0B00F3ACD6 /* Draw */ = {
			isa = PBXGroup;
			children = (
				8DFAAF6D20EC6E9900F3ACD6 /* Supporting Files */,
				8DFAAF7220EC72B800F3ACD6 /* Model */,
				8DFAAF6F20EC6EB300F3ACD6 /* View */,
				8DFAAF6E20EC6EA600F3ACD6 /* Controller */,
				8DFAAF6720EC6E0C00F3ACD6 /* Info.plist */,
				91CBD4F520ED450D00693394 /* GoogleService-Info.plist */,
			);
			path = Draw;
			sourceTree = "<group>";
		};
		8DFAAF6D20EC6E9900F3ACD6 /* Supporting Files */ = {
			isa = PBXGroup;
			children = (
				8DFAAF5B20EC6E0B00F3ACD6 /* AppDelegate.swift */,
				8DFAAF6220EC6E0C00F3ACD6 /* Assets.xcassets */,
				8DFAAF6420EC6E0C00F3ACD6 /* LaunchScreen.storyboard */,
			);
			path = "Supporting Files";
			sourceTree = "<group>";
		};
		8DFAAF6E20EC6EA600F3ACD6 /* Controller */ = {
			isa = PBXGroup;
			children = (
				8DFAAF5D20EC6E0B00F3ACD6 /* DrawViewController.swift */,
				9125614220ED4F6D00FF0CF4 /* RoomsViewController.swift */,
			);
			path = Controller;
			sourceTree = "<group>";
		};
		8DFAAF6F20EC6EB300F3ACD6 /* View */ = {
			isa = PBXGroup;
			children = (
				8DFAAF5F20EC6E0B00F3ACD6 /* Main.storyboard */,
				8DFAAF7720EC754000F3ACD6 /* CanvasView.swift */,
				8DFAAF7920EC777B00F3ACD6 /* DrawPath+path.swift */,
				8DFAAF7B20EC7D1800F3ACD6 /* DrawView.swift */,
			);
			path = View;
			sourceTree = "<group>";
		};
		8DFAAF7220EC72B800F3ACD6 /* Model */ = {
			isa = PBXGroup;
			children = (
				91CBD4F120ED3C0700693394 /* CloudConvertible.swift */,
				91CBD4F220ED3C0800693394 /* DataManager.swift */,
				8DFAAF7320EC72DA00F3ACD6 /* DrawPath.swift */,
				8DFAAF7F20EC80ED00F3ACD6 /* DatabaseAcess.swift */,
				9125614020ED4E0A00FF0CF4 /* Room.swift */,
			);
			path = Model;
			sourceTree = "<group>";
		};
		9AADCA1E60778377C13A355F /* Pods */ = {
			isa = PBXGroup;
			children = (
				FDD458CA9FE9DDAA2B4F29B7 /* Pods-Draw.debug.xcconfig */,
				65A9403B02092FCCA7F3A1BB /* Pods-Draw.release.xcconfig */,
			);
			name = Pods;
			sourceTree = "<group>";
		};
/* End PBXGroup section */

/* Begin PBXNativeTarget section */
		8DFAAF5720EC6E0A00F3ACD6 /* Draw */ = {
			isa = PBXNativeTarget;
			buildConfigurationList = 8DFAAF6A20EC6E0C00F3ACD6 /* Build configuration list for PBXNativeTarget "Draw" */;
			buildPhases = (
				96981D01CDAAB48EB877833A /* [CP] Check Pods Manifest.lock */,
				8DFAAF5420EC6E0A00F3ACD6 /* Sources */,
				8DFAAF5520EC6E0A00F3ACD6 /* Frameworks */,
				8DFAAF5620EC6E0A00F3ACD6 /* Resources */,
				68984036B96E323F77DBF905 /* [CP] Embed Pods Frameworks */,
			);
			buildRules = (
			);
			dependencies = (
			);
			name = Draw;
			productName = Draw;
			productReference = 8DFAAF5820EC6E0B00F3ACD6 /* Draw.app */;
			productType = "com.apple.product-type.application";
		};
/* End PBXNativeTarget section */

/* Begin PBXProject section */
		8DFAAF5020EC6E0A00F3ACD6 /* Project object */ = {
			isa = PBXProject;
			attributes = {
				LastSwiftUpdateCheck = 0940;
				LastUpgradeCheck = 0940;
				ORGANIZATIONNAME = "Homero Oliveira";
				TargetAttributes = {
					8DFAAF5720EC6E0A00F3ACD6 = {
						CreatedOnToolsVersion = 9.4.1;
					};
				};
			};
			buildConfigurationList = 8DFAAF5320EC6E0A00F3ACD6 /* Build configuration list for PBXProject "Draw" */;
			compatibilityVersion = "Xcode 9.3";
			developmentRegion = en;
			hasScannedForEncodings = 0;
			knownRegions = (
				en,
				Base,
			);
			mainGroup = 8DFAAF4F20EC6E0A00F3ACD6;
			productRefGroup = 8DFAAF5920EC6E0B00F3ACD6 /* Products */;
			projectDirPath = "";
			projectRoot = "";
			targets = (
				8DFAAF5720EC6E0A00F3ACD6 /* Draw */,
			);
		};
/* End PBXProject section */

/* Begin PBXResourcesBuildPhase section */
		8DFAAF5620EC6E0A00F3ACD6 /* Resources */ = {
			isa = PBXResourcesBuildPhase;
			buildActionMask = 2147483647;
			files = (
				8DFAAF6620EC6E0C00F3ACD6 /* LaunchScreen.storyboard in Resources */,
				91CBD4F620ED450D00693394 /* GoogleService-Info.plist in Resources */,
				8DFAAF6320EC6E0C00F3ACD6 /* Assets.xcassets in Resources */,
				8DFAAF6120EC6E0B00F3ACD6 /* Main.storyboard in Resources */,
			);
			runOnlyForDeploymentPostprocessing = 0;
		};
/* End PBXResourcesBuildPhase section */

/* Begin PBXShellScriptBuildPhase section */
		68984036B96E323F77DBF905 /* [CP] Embed Pods Frameworks */ = {
			isa = PBXShellScriptBuildPhase;
			buildActionMask = 2147483647;
			files = (
			);
			inputPaths = (
				"${SRCROOT}/Pods/Target Support Files/Pods-Draw/Pods-Draw-frameworks.sh",
				"${BUILT_PRODUCTS_DIR}/GoogleToolboxForMac/GoogleToolboxForMac.framework",
				"${BUILT_PRODUCTS_DIR}/leveldb-library/leveldb.framework",
				"${BUILT_PRODUCTS_DIR}/nanopb/nanopb.framework",
			);
			name = "[CP] Embed Pods Frameworks";
			outputPaths = (
				"${TARGET_BUILD_DIR}/${FRAMEWORKS_FOLDER_PATH}/GoogleToolboxForMac.framework",
				"${TARGET_BUILD_DIR}/${FRAMEWORKS_FOLDER_PATH}/leveldb.framework",
				"${TARGET_BUILD_DIR}/${FRAMEWORKS_FOLDER_PATH}/nanopb.framework",
			);
			runOnlyForDeploymentPostprocessing = 0;
			shellPath = /bin/sh;
			shellScript = "\"${SRCROOT}/Pods/Target Support Files/Pods-Draw/Pods-Draw-frameworks.sh\"\n";
			showEnvVarsInLog = 0;
		};
		96981D01CDAAB48EB877833A /* [CP] Check Pods Manifest.lock */ = {
			isa = PBXShellScriptBuildPhase;
			buildActionMask = 2147483647;
			files = (
			);
			inputPaths = (
				"${PODS_PODFILE_DIR_PATH}/Podfile.lock",
				"${PODS_ROOT}/Manifest.lock",
			);
			name = "[CP] Check Pods Manifest.lock";
			outputPaths = (
				"$(DERIVED_FILE_DIR)/Pods-Draw-checkManifestLockResult.txt",
			);
			runOnlyForDeploymentPostprocessing = 0;
			shellPath = /bin/sh;
			shellScript = "diff \"${PODS_PODFILE_DIR_PATH}/Podfile.lock\" \"${PODS_ROOT}/Manifest.lock\" > /dev/null\nif [ $? != 0 ] ; then\n    # print error to STDERR\n    echo \"error: The sandbox is not in sync with the Podfile.lock. Run 'pod install' or update your CocoaPods installation.\" >&2\n    exit 1\nfi\n# This output is used by Xcode 'outputs' to avoid re-running this script phase.\necho \"SUCCESS\" > \"${SCRIPT_OUTPUT_FILE_0}\"\n";
			showEnvVarsInLog = 0;
		};
/* End PBXShellScriptBuildPhase section */

/* Begin PBXSourcesBuildPhase section */
		8DFAAF5420EC6E0A00F3ACD6 /* Sources */ = {
			isa = PBXSourcesBuildPhase;
			buildActionMask = 2147483647;
			files = (
				8DFAAF5E20EC6E0B00F3ACD6 /* DrawViewController.swift in Sources */,
				8DFAAF7420EC72DA00F3ACD6 /* DrawPath.swift in Sources */,
				8DFAAF7C20EC7D1800F3ACD6 /* DrawView.swift in Sources */,
				8DFAAF7A20EC777B00F3ACD6 /* DrawPath+path.swift in Sources */,
				9125614120ED4E0A00FF0CF4 /* Room.swift in Sources */,
				8DFAAF7820EC754000F3ACD6 /* CanvasView.swift in Sources */,
				91CBD4F320ED3C0800693394 /* CloudConvertible.swift in Sources */,
				9125614320ED4F6D00FF0CF4 /* RoomsViewController.swift in Sources */,
				8DFAAF5C20EC6E0B00F3ACD6 /* AppDelegate.swift in Sources */,
				91CBD4F420ED3C0800693394 /* DataManager.swift in Sources */,
				8DFAAF8020EC80ED00F3ACD6 /* DatabaseAcess.swift in Sources */,
			);
			runOnlyForDeploymentPostprocessing = 0;
		};
/* End PBXSourcesBuildPhase section */

/* Begin PBXVariantGroup section */
		8DFAAF5F20EC6E0B00F3ACD6 /* Main.storyboard */ = {
			isa = PBXVariantGroup;
			children = (
				8DFAAF6020EC6E0B00F3ACD6 /* Base */,
			);
			name = Main.storyboard;
			sourceTree = "<group>";
		};
		8DFAAF6420EC6E0C00F3ACD6 /* LaunchScreen.storyboard */ = {
			isa = PBXVariantGroup;
			children = (
				8DFAAF6520EC6E0C00F3ACD6 /* Base */,
			);
			name = LaunchScreen.storyboard;
			sourceTree = "<group>";
		};
/* End PBXVariantGroup section */

/* Begin XCBuildConfiguration section */
		8DFAAF6820EC6E0C00F3ACD6 /* Debug */ = {
			isa = XCBuildConfiguration;
			buildSettings = {
				ALWAYS_SEARCH_USER_PATHS = NO;
				CLANG_ANALYZER_NONNULL = YES;
				CLANG_ANALYZER_NUMBER_OBJECT_CONVERSION = YES_AGGRESSIVE;
				CLANG_CXX_LANGUAGE_STANDARD = "gnu++14";
				CLANG_CXX_LIBRARY = "libc++";
				CLANG_ENABLE_MODULES = YES;
				CLANG_ENABLE_OBJC_ARC = YES;
				CLANG_ENABLE_OBJC_WEAK = YES;
				CLANG_WARN_BLOCK_CAPTURE_AUTORELEASING = YES;
				CLANG_WARN_BOOL_CONVERSION = YES;
				CLANG_WARN_COMMA = YES;
				CLANG_WARN_CONSTANT_CONVERSION = YES;
				CLANG_WARN_DEPRECATED_OBJC_IMPLEMENTATIONS = YES;
				CLANG_WARN_DIRECT_OBJC_ISA_USAGE = YES_ERROR;
				CLANG_WARN_DOCUMENTATION_COMMENTS = YES;
				CLANG_WARN_EMPTY_BODY = YES;
				CLANG_WARN_ENUM_CONVERSION = YES;
				CLANG_WARN_INFINITE_RECURSION = YES;
				CLANG_WARN_INT_CONVERSION = YES;
				CLANG_WARN_NON_LITERAL_NULL_CONVERSION = YES;
				CLANG_WARN_OBJC_IMPLICIT_RETAIN_SELF = YES;
				CLANG_WARN_OBJC_LITERAL_CONVERSION = YES;
				CLANG_WARN_OBJC_ROOT_CLASS = YES_ERROR;
				CLANG_WARN_RANGE_LOOP_ANALYSIS = YES;
				CLANG_WARN_STRICT_PROTOTYPES = YES;
				CLANG_WARN_SUSPICIOUS_MOVE = YES;
				CLANG_WARN_UNGUARDED_AVAILABILITY = YES_AGGRESSIVE;
				CLANG_WARN_UNREACHABLE_CODE = YES;
				CLANG_WARN__DUPLICATE_METHOD_MATCH = YES;
				CODE_SIGN_IDENTITY = "iPhone Developer";
				COPY_PHASE_STRIP = NO;
				DEBUG_INFORMATION_FORMAT = dwarf;
				ENABLE_STRICT_OBJC_MSGSEND = YES;
				ENABLE_TESTABILITY = YES;
				GCC_C_LANGUAGE_STANDARD = gnu11;
				GCC_DYNAMIC_NO_PIC = NO;
				GCC_NO_COMMON_BLOCKS = YES;
				GCC_OPTIMIZATION_LEVEL = 0;
				GCC_PREPROCESSOR_DEFINITIONS = (
					"DEBUG=1",
					"$(inherited)",
				);
				GCC_WARN_64_TO_32_BIT_CONVERSION = YES;
				GCC_WARN_ABOUT_RETURN_TYPE = YES_ERROR;
				GCC_WARN_UNDECLARED_SELECTOR = YES;
				GCC_WARN_UNINITIALIZED_AUTOS = YES_AGGRESSIVE;
				GCC_WARN_UNUSED_FUNCTION = YES;
				GCC_WARN_UNUSED_VARIABLE = YES;
				IPHONEOS_DEPLOYMENT_TARGET = 11.4;
				MTL_ENABLE_DEBUG_INFO = YES;
				ONLY_ACTIVE_ARCH = YES;
				SDKROOT = iphoneos;
				SWIFT_ACTIVE_COMPILATION_CONDITIONS = DEBUG;
				SWIFT_OPTIMIZATION_LEVEL = "-Onone";
			};
			name = Debug;
		};
		8DFAAF6920EC6E0C00F3ACD6 /* Release */ = {
			isa = XCBuildConfiguration;
			buildSettings = {
				ALWAYS_SEARCH_USER_PATHS = NO;
				CLANG_ANALYZER_NONNULL = YES;
				CLANG_ANALYZER_NUMBER_OBJECT_CONVERSION = YES_AGGRESSIVE;
				CLANG_CXX_LANGUAGE_STANDARD = "gnu++14";
				CLANG_CXX_LIBRARY = "libc++";
				CLANG_ENABLE_MODULES = YES;
				CLANG_ENABLE_OBJC_ARC = YES;
				CLANG_ENABLE_OBJC_WEAK = YES;
				CLANG_WARN_BLOCK_CAPTURE_AUTORELEASING = YES;
				CLANG_WARN_BOOL_CONVERSION = YES;
				CLANG_WARN_COMMA = YES;
				CLANG_WARN_CONSTANT_CONVERSION = YES;
				CLANG_WARN_DEPRECATED_OBJC_IMPLEMENTATIONS = YES;
				CLANG_WARN_DIRECT_OBJC_ISA_USAGE = YES_ERROR;
				CLANG_WARN_DOCUMENTATION_COMMENTS = YES;
				CLANG_WARN_EMPTY_BODY = YES;
				CLANG_WARN_ENUM_CONVERSION = YES;
				CLANG_WARN_INFINITE_RECURSION = YES;
				CLANG_WARN_INT_CONVERSION = YES;
				CLANG_WARN_NON_LITERAL_NULL_CONVERSION = YES;
				CLANG_WARN_OBJC_IMPLICIT_RETAIN_SELF = YES;
				CLANG_WARN_OBJC_LITERAL_CONVERSION = YES;
				CLANG_WARN_OBJC_ROOT_CLASS = YES_ERROR;
				CLANG_WARN_RANGE_LOOP_ANALYSIS = YES;
				CLANG_WARN_STRICT_PROTOTYPES = YES;
				CLANG_WARN_SUSPICIOUS_MOVE = YES;
				CLANG_WARN_UNGUARDED_AVAILABILITY = YES_AGGRESSIVE;
				CLANG_WARN_UNREACHABLE_CODE = YES;
				CLANG_WARN__DUPLICATE_METHOD_MATCH = YES;
				CODE_SIGN_IDENTITY = "iPhone Developer";
				COPY_PHASE_STRIP = NO;
				DEBUG_INFORMATION_FORMAT = "dwarf-with-dsym";
				ENABLE_NS_ASSERTIONS = NO;
				ENABLE_STRICT_OBJC_MSGSEND = YES;
				GCC_C_LANGUAGE_STANDARD = gnu11;
				GCC_NO_COMMON_BLOCKS = YES;
				GCC_WARN_64_TO_32_BIT_CONVERSION = YES;
				GCC_WARN_ABOUT_RETURN_TYPE = YES_ERROR;
				GCC_WARN_UNDECLARED_SELECTOR = YES;
				GCC_WARN_UNINITIALIZED_AUTOS = YES_AGGRESSIVE;
				GCC_WARN_UNUSED_FUNCTION = YES;
				GCC_WARN_UNUSED_VARIABLE = YES;
				IPHONEOS_DEPLOYMENT_TARGET = 11.4;
				MTL_ENABLE_DEBUG_INFO = NO;
				SDKROOT = iphoneos;
				SWIFT_COMPILATION_MODE = wholemodule;
				SWIFT_OPTIMIZATION_LEVEL = "-O";
				VALIDATE_PRODUCT = YES;
			};
			name = Release;
		};
		8DFAAF6B20EC6E0C00F3ACD6 /* Debug */ = {
			isa = XCBuildConfiguration;
			baseConfigurationReference = FDD458CA9FE9DDAA2B4F29B7 /* Pods-Draw.debug.xcconfig */;
			buildSettings = {
				ASSETCATALOG_COMPILER_APPICON_NAME = AppIcon;
				CODE_SIGN_STYLE = Automatic;
				DEVELOPMENT_TEAM = JM5PLAS48Y;
				INFOPLIST_FILE = Draw/Info.plist;
				LD_RUNPATH_SEARCH_PATHS = (
					"$(inherited)",
					"@executable_path/Frameworks",
				);
				PRODUCT_BUNDLE_IDENTIFIER = com.arquiteturaDeSoftware.Draw;
				PRODUCT_NAME = "$(TARGET_NAME)";
				SWIFT_VERSION = 4.0;
				TARGETED_DEVICE_FAMILY = "1,2";
			};
			name = Debug;
		};
		8DFAAF6C20EC6E0C00F3ACD6 /* Release */ = {
			isa = XCBuildConfiguration;
			baseConfigurationReference = 65A9403B02092FCCA7F3A1BB /* Pods-Draw.release.xcconfig */;
			buildSettings = {
				ASSETCATALOG_COMPILER_APPICON_NAME = AppIcon;
				CODE_SIGN_STYLE = Automatic;
				DEVELOPMENT_TEAM = JM5PLAS48Y;
				INFOPLIST_FILE = Draw/Info.plist;
				LD_RUNPATH_SEARCH_PATHS = (
					"$(inherited)",
					"@executable_path/Frameworks",
				);
				PRODUCT_BUNDLE_IDENTIFIER = com.arquiteturaDeSoftware.Draw;
				PRODUCT_NAME = "$(TARGET_NAME)";
				SWIFT_VERSION = 4.0;
				TARGETED_DEVICE_FAMILY = "1,2";
			};
			name = Release;
		};
/* End XCBuildConfiguration section */

/* Begin XCConfigurationList section */
		8DFAAF5320EC6E0A00F3ACD6 /* Build configuration list for PBXProject "Draw" */ = {
			isa = XCConfigurationList;
			buildConfigurations = (
				8DFAAF6820EC6E0C00F3ACD6 /* Debug */,
				8DFAAF6920EC6E0C00F3ACD6 /* Release */,
			);
			defaultConfigurationIsVisible = 0;
			defaultConfigurationName = Release;
		};
		8DFAAF6A20EC6E0C00F3ACD6 /* Build configuration list for PBXNativeTarget "Draw" */ = {
			isa = XCConfigurationList;
			buildConfigurations = (
				8DFAAF6B20EC6E0C00F3ACD6 /* Debug */,
				8DFAAF6C20EC6E0C00F3ACD6 /* Release */,
			);
			defaultConfigurationIsVisible = 0;
			defaultConfigurationName = Release;
		};
/* End XCConfigurationList section */
	};
	rootObject = 8DFAAF5020EC6E0A00F3ACD6 /* Project object */;
}
